<?xml version="1.0" encoding="utf-8"?>
<Project ToolsVersion="17.0" xmlns="http://schemas.microsoft.com/developer/msbuild/2003">
  <ItemGroup>
    <ClCompile Include=".\..\..\fmt\src\format.cc">
      <Filter>Source Files</Filter>
    </ClCompile>
    <ClCompile Include=".\..\..\fmt\src\os.cc">
      <Filter>Source Files</Filter>
    </ClCompile>
  </ItemGroup>
  <ItemGroup>
    <ClInclude Include=".\..\..\fmt\include\fmt\args.h">
      <Filter>Header Files</Filter>
    </ClInclude>
    <ClInclude Include=".\..\..\fmt\include\fmt\chrono.h">
      <Filter>Header Files</Filter>
    </ClInclude>
    <ClInclude Include=".\..\..\fmt\include\fmt\color.h">
      <Filter>Header Files</Filter>
    </ClInclude>
    <ClInclude Include=".\..\..\fmt\include\fmt\compile.h">
      <Filter>Header Files</Filter>
    </ClInclude>
    <ClInclude Include=".\..\..\fmt\include\fmt\core.h">
      <Filter>Header Files</Filter>
    </ClInclude>
    <ClInclude Include=".\..\..\fmt\include\fmt\format.h">
      <Filter>Header Files</Filter>
    </ClInclude>
    <ClInclude Include=".\..\..\fmt\include\fmt\format-inl.h">
      <Filter>Header Files</Filter>
    </ClInclude>
    <ClInclude Include=".\..\..\fmt\include\fmt\os.h">
      <Filter>Header Files</Filter>
    </ClInclude>
    <ClInclude Include=".\..\..\fmt\include\fmt\ostream.h">
      <Filter>Header Files</Filter>
    </ClInclude>
    <ClInclude Include=".\..\..\fmt\include\fmt\printf.h">
      <Filter>Header Files</Filter>
    </ClInclude>
    <ClInclude Include=".\..\..\fmt\include\fmt\ranges.h">
      <Filter>Header Files</Filter>
    </ClInclude>
    <ClInclude Include=".\..\..\fmt\include\fmt\std.h">
      <Filter>Header Files</Filter>
    </ClInclude>
    <ClInclude Include=".\..\..\fmt\include\fmt\xchar.h">
      <Filter>Header Files</Filter>
    </ClInclude>
  </ItemGroup>
  <ItemGroup>
    <Filter Include="Header Files">
      <UniqueIdentifier>{C09879EB-61FD-3200-896A-5A951468767D}</UniqueIdentifier>
    </Filter>
    <Filter Include="Source Files">
      <UniqueIdentifier>{1ACD1AAE-AEEC-3BFA-90B8-EB6984CC927A}</UniqueIdentifier>
    </Filter>
  </ItemGroup>
</Project>